
Microsoft Visual Studio Solution File, Format Version 12.00
# Visual Studio Version 16
VisualStudioVersion = 16.0.31402.337
MinimumVisualStudioVersion = 10.0.40219.1
Project("{FAE04EC0-301F-11D3-BF4B-00C04F79EFBC}") = "StatsAnalyzer", "StatsAnalyzer\StatsAnalyzer.csproj", "{079D81C4-B06E-45EB-9AAA-6642EF66310E}"
EndProject
Global
	GlobalSection(SolutionConfigurationPlatforms) = preSolution
		Debug|Any CPU = Debug|Any CPU
		Release|Any CPU = Release|Any CPU
	EndGlobalSection
	GlobalSection(ProjectConfigurationPlatforms) = postSolution
		{079D81C4-B06E-45EB-9AAA-6642EF66310E}.Debug|Any CPU.ActiveCfg = Debug|Any CPU
		{079D81C4-B06E-45EB-9AAA-6642EF66310E}.Debug|Any CPU.Build.0 = Debug|Any CPU
		{079D81C4-B06E-45EB-9AAA-6642EF66310E}.Release|Any CPU.ActiveCfg = Release|Any CPU
		{079D81C4-B06E-45EB-9AAA-6642EF66310E}.Release|Any CPU.Build.0 = Release|Any CPU
	EndGlobalSection
	GlobalSection(SolutionProperties) = preSolution
		HideSolutionNode = FALSE
	EndGlobalSection
	GlobalSection(ExtensibilityGlobals) = postSolution
		SolutionGuid = {FDE980BC-7BC4-4B21-BE62-4B8C2F0A41C4}
	EndGlobalSection
EndGlobal
